// !$*UTF8*$!
{
	archiveVersion = 1;
	classes = {
	};
	objectVersion = 46;
	objects = {

/* Begin PBXBuildFile section */
		130CA76913A8E64B008C7B66 /* ShaderProgram.m in Sources */ = {isa = PBXBuildFile; fileRef = 130CA76813A8E64B008C7B66 /* ShaderProgram.m */; };
		130CA76D13A8F4A0008C7B66 /* Texture.m in Sources */ = {isa = PBXBuildFile; fileRef = 130CA76C13A8F4A0008C7B66 /* Texture.m */; };
		130CA77013A90213008C7B66 /* Sprite.m in Sources */ = {isa = PBXBuildFile; fileRef = 130CA76F13A90213008C7B66 /* Sprite.m */; };
		130CA78813AA4089008C7B66 /* diamonds_114.png in Resources */ = {isa = PBXBuildFile; fileRef = 130CA78513AA4089008C7B66 /* diamonds_114.png */; };
		130CA78913AA4089008C7B66 /* diamonds_72.png in Resources */ = {isa = PBXBuildFile; fileRef = 130CA78613AA4089008C7B66 /* diamonds_72.png */; };
		130CA78A13AA4089008C7B66 /* diamonds_57.png in Resources */ = {isa = PBXBuildFile; fileRef = 130CA78713AA4089008C7B66 /* diamonds_57.png */; };
		130CA78C13AB8C92008C7B66 /* diamond.png in Resources */ = {isa = PBXBuildFile; fileRef = 130CA78B13AB8C92008C7B66 /* diamond.png */; };
		132041B513A7A64100D3F66D /* MainWindow-iPad.xib in Resources */ = {isa = PBXBuildFile; fileRef = 132041B313A7A64100D3F66D /* MainWindow-iPad.xib */; };
		132041BA13A7A7E200D3F66D /* MainWindow-iPhone.xib in Resources */ = {isa = PBXBuildFile; fileRef = 132041B813A7A7E200D3F66D /* MainWindow-iPhone.xib */; };
		132041BD13A7A80700D3F66D /* DiamondsViewController.xib in Resources */ = {isa = PBXBuildFile; fileRef = 132041BB13A7A80700D3F66D /* DiamondsViewController.xib */; };
		134BFF7A13BA0ED400ACA82F /* GLKit.framework in Frameworks */ = {isa = PBXBuildFile; fileRef = 134BFF7913BA0ED400ACA82F /* GLKit.framework */; };
		134BFF7F13BB711A00ACA82F /* Entitlements.entitlements in Resources */ = {isa = PBXBuildFile; fileRef = 134BFF7E13BB711A00ACA82F /* Entitlements.entitlements */; };
		134DFF1E13A79FE900DA67FC /* UIKit.framework in Frameworks */ = {isa = PBXBuildFile; fileRef = 134DFF1D13A79FE900DA67FC /* UIKit.framework */; };
		134DFF2013A79FE900DA67FC /* Foundation.framework in Frameworks */ = {isa = PBXBuildFile; fileRef = 134DFF1F13A79FE900DA67FC /* Foundation.framework */; };
		134DFF2213A79FE900DA67FC /* CoreGraphics.framework in Frameworks */ = {isa = PBXBuildFile; fileRef = 134DFF2113A79FE900DA67FC /* CoreGraphics.framework */; };
		134DFF2413A79FE900DA67FC /* QuartzCore.framework in Frameworks */ = {isa = PBXBuildFile; fileRef = 134DFF2313A79FE900DA67FC /* QuartzCore.framework */; };
		134DFF2613A79FE900DA67FC /* OpenGLES.framework in Frameworks */ = {isa = PBXBuildFile; fileRef = 134DFF2513A79FE900DA67FC /* OpenGLES.framework */; };
		134DFF2F13A79FE900DA67FC /* main.m in Sources */ = {isa = PBXBuildFile; fileRef = 134DFF2E13A79FE900DA67FC /* main.m */; };
		134DFF3213A79FE900DA67FC /* DiamondsAppDelegate.m in Sources */ = {isa = PBXBuildFile; fileRef = 134DFF3113A79FE900DA67FC /* DiamondsAppDelegate.m */; };
		134DFF3713A79FE900DA67FC /* Shader.fsh in Resources */ = {isa = PBXBuildFile; fileRef = 134DFF3613A79FE900DA67FC /* Shader.fsh */; };
		134DFF3913A79FE900DA67FC /* Shader.vsh in Resources */ = {isa = PBXBuildFile; fileRef = 134DFF3813A79FE900DA67FC /* Shader.vsh */; };
		134DFF3C13A79FE900DA67FC /* EAGLView.m in Sources */ = {isa = PBXBuildFile; fileRef = 134DFF3B13A79FE900DA67FC /* EAGLView.m */; };
		134DFF3F13A79FE900DA67FC /* DiamondsViewController.m in Sources */ = {isa = PBXBuildFile; fileRef = 134DFF3E13A79FE900DA67FC /* DiamondsViewController.m */; };
		134DFF4913A79FE900DA67FC /* UIKit.framework in Frameworks */ = {isa = PBXBuildFile; fileRef = 134DFF1D13A79FE900DA67FC /* UIKit.framework */; };
		134DFF4A13A79FE900DA67FC /* Foundation.framework in Frameworks */ = {isa = PBXBuildFile; fileRef = 134DFF1F13A79FE900DA67FC /* Foundation.framework */; };
		134DFF4B13A79FE900DA67FC /* CoreGraphics.framework in Frameworks */ = {isa = PBXBuildFile; fileRef = 134DFF2113A79FE900DA67FC /* CoreGraphics.framework */; };
		134DFF5313A79FE900DA67FC /* InfoPlist.strings in Resources */ = {isa = PBXBuildFile; fileRef = 134DFF5113A79FE900DA67FC /* InfoPlist.strings */; };
		134DFF5613A79FE900DA67FC /* DiamondsTests.h in Resources */ = {isa = PBXBuildFile; fileRef = 134DFF5513A79FE900DA67FC /* DiamondsTests.h */; };
		134DFF5813A79FE900DA67FC /* DiamondsTests.m in Sources */ = {isa = PBXBuildFile; fileRef = 134DFF5713A79FE900DA67FC /* DiamondsTests.m */; };
		13827F1D13BBD57300C90A92 /* TestSpriteBatch.m in Sources */ = {isa = PBXBuildFile; fileRef = 13827F1C13BBD57300C90A92 /* TestSpriteBatch.m */; };
		13D8E7E413BCD6A7007472E2 /* OpenGLES.framework in Frameworks */ = {isa = PBXBuildFile; fileRef = 134DFF2513A79FE900DA67FC /* OpenGLES.framework */; };
		13E98FAD13A7AF360003E7D2 /* ruby.png in Resources */ = {isa = PBXBuildFile; fileRef = 13E98FAC13A7AF360003E7D2 /* ruby.png */; };
		13E98FBC13A8BB250003E7D2 /* Engine.m in Sources */ = {isa = PBXBuildFile; fileRef = 13E98FBA13A8BB250003E7D2 /* Engine.m */; };
		13F6A99113BCB7D300A17DE8 /* SpriteBatch.m in Sources */ = {isa = PBXBuildFile; fileRef = 13F6A99013BCB7D300A17DE8 /* SpriteBatch.m */; };
		13F6A99213BCB7D300A17DE8 /* SpriteBatch.m in Sources */ = {isa = PBXBuildFile; fileRef = 13F6A99013BCB7D300A17DE8 /* SpriteBatch.m */; };
		13F6A99613BCBA0800A17DE8 /* MockSpriteBatch.m in Sources */ = {isa = PBXBuildFile; fileRef = 13F6A99513BCBA0800A17DE8 /* MockSpriteBatch.m */; };
/* End PBXBuildFile section */

/* Begin PBXContainerItemProxy section */
		134DFF4C13A79FE900DA67FC /* PBXContainerItemProxy */ = {
			isa = PBXContainerItemProxy;
			containerPortal = 134DFF1013A79FE900DA67FC /* Project object */;
			proxyType = 1;
			remoteGlobalIDString = 134DFF1813A79FE900DA67FC;
			remoteInfo = Diamonds;
		};
/* End PBXContainerItemProxy section */

/* Begin PBXFileReference section */
		130CA76713A8E64B008C7B66 /* ShaderProgram.h */ = {isa = PBXFileReference; fileEncoding = 4; lastKnownFileType = sourcecode.c.h; name = ShaderProgram.h; path = Diamonds/Engine/ShaderProgram.h; sourceTree = "<group>"; };
		130CA76813A8E64B008C7B66 /* ShaderProgram.m */ = {isa = PBXFileReference; fileEncoding = 4; lastKnownFileType = sourcecode.c.objc; name = ShaderProgram.m; path = Diamonds/Engine/ShaderProgram.m; sourceTree = "<group>"; };
		130CA76B13A8F4A0008C7B66 /* Texture.h */ = {isa = PBXFileReference; fileEncoding = 4; lastKnownFileType = sourcecode.c.h; name = Texture.h; path = Diamonds/Engine/Texture.h; sourceTree = "<group>"; };
		130CA76C13A8F4A0008C7B66 /* Texture.m */ = {isa = PBXFileReference; fileEncoding = 4; lastKnownFileType = sourcecode.c.objc; name = Texture.m; path = Diamonds/Engine/Texture.m; sourceTree = "<group>"; };
		130CA76E13A90213008C7B66 /* Sprite.h */ = {isa = PBXFileReference; fileEncoding = 4; lastKnownFileType = sourcecode.c.h; name = Sprite.h; path = Diamonds/Engine/Sprite.h; sourceTree = "<group>"; };
		130CA76F13A90213008C7B66 /* Sprite.m */ = {isa = PBXFileReference; fileEncoding = 4; lastKnownFileType = sourcecode.c.objc; name = Sprite.m; path = Diamonds/Engine/Sprite.m; sourceTree = "<group>"; };
		130CA78513AA4089008C7B66 /* diamonds_114.png */ = {isa = PBXFileReference; lastKnownFileType = image.png; name = diamonds_114.png; path = Resources/diamonds_114.png; sourceTree = SOURCE_ROOT; };
		130CA78613AA4089008C7B66 /* diamonds_72.png */ = {isa = PBXFileReference; lastKnownFileType = image.png; name = diamonds_72.png; path = Resources/diamonds_72.png; sourceTree = SOURCE_ROOT; };
		130CA78713AA4089008C7B66 /* diamonds_57.png */ = {isa = PBXFileReference; lastKnownFileType = image.png; name = diamonds_57.png; path = Resources/diamonds_57.png; sourceTree = SOURCE_ROOT; };
		130CA78B13AB8C92008C7B66 /* diamond.png */ = {isa = PBXFileReference; lastKnownFileType = image.png; name = diamond.png; path = Resources/diamond.png; sourceTree = SOURCE_ROOT; };
		132041B413A7A64100D3F66D /* en */ = {isa = PBXFileReference; lastKnownFileType = file.xib; name = en; path = "iPad/en.lproj/MainWindow-iPad.xib"; sourceTree = "<group>"; };
		132041B913A7A7E200D3F66D /* en */ = {isa = PBXFileReference; lastKnownFileType = file.xib; name = en; path = "iPhone/en.lproj/MainWindow-iPhone.xib"; sourceTree = "<group>"; };
		132041BC13A7A80700D3F66D /* en */ = {isa = PBXFileReference; lastKnownFileType = file.xib; name = en; path = iPhone/en.lproj/DiamondsViewController.xib; sourceTree = "<group>"; };
		134BFF7913BA0ED400ACA82F /* GLKit.framework */ = {isa = PBXFileReference; lastKnownFileType = wrapper.framework; name = GLKit.framework; path = System/Library/Frameworks/GLKit.framework; sourceTree = SDKROOT; };
		134BFF7E13BB711A00ACA82F /* Entitlements.entitlements */ = {isa = PBXFileReference; fileEncoding = 4; lastKnownFileType = text.xml; path = Entitlements.entitlements; sourceTree = "<group>"; };
		134DFF1913A79FE900DA67FC /* Diamonds.app */ = {isa = PBXFileReference; explicitFileType = wrapper.application; includeInIndex = 0; path = Diamonds.app; sourceTree = BUILT_PRODUCTS_DIR; };
		134DFF1D13A79FE900DA67FC /* UIKit.framework */ = {isa = PBXFileReference; lastKnownFileType = wrapper.framework; name = UIKit.framework; path = System/Library/Frameworks/UIKit.framework; sourceTree = SDKROOT; };
		134DFF1F13A79FE900DA67FC /* Foundation.framework */ = {isa = PBXFileReference; lastKnownFileType = wrapper.framework; name = Foundation.framework; path = System/Library/Frameworks/Foundation.framework; sourceTree = SDKROOT; };
		134DFF2113A79FE900DA67FC /* CoreGraphics.framework */ = {isa = PBXFileReference; lastKnownFileType = wrapper.framework; name = CoreGraphics.framework; path = System/Library/Frameworks/CoreGraphics.framework; sourceTree = SDKROOT; };
		134DFF2313A79FE900DA67FC /* QuartzCore.framework */ = {isa = PBXFileReference; lastKnownFileType = wrapper.framework; name = QuartzCore.framework; path = System/Library/Frameworks/QuartzCore.framework; sourceTree = SDKROOT; };
		134DFF2513A79FE900DA67FC /* OpenGLES.framework */ = {isa = PBXFileReference; lastKnownFileType = wrapper.framework; name = OpenGLES.framework; path = System/Library/Frameworks/OpenGLES.framework; sourceTree = SDKROOT; };
		134DFF2913A79FE900DA67FC /* Diamonds-Info.plist */ = {isa = PBXFileReference; lastKnownFileType = text.plist.xml; path = "Diamonds-Info.plist"; sourceTree = "<group>"; };
		134DFF2D13A79FE900DA67FC /* Diamonds-Prefix.pch */ = {isa = PBXFileReference; lastKnownFileType = sourcecode.c.h; path = "Diamonds-Prefix.pch"; sourceTree = "<group>"; };
		134DFF2E13A79FE900DA67FC /* main.m */ = {isa = PBXFileReference; lastKnownFileType = sourcecode.c.objc; path = main.m; sourceTree = "<group>"; };
		134DFF3013A79FE900DA67FC /* DiamondsAppDelegate.h */ = {isa = PBXFileReference; lastKnownFileType = sourcecode.c.h; path = DiamondsAppDelegate.h; sourceTree = "<group>"; };
		134DFF3113A79FE900DA67FC /* DiamondsAppDelegate.m */ = {isa = PBXFileReference; lastKnownFileType = sourcecode.c.objc; path = DiamondsAppDelegate.m; sourceTree = "<group>"; };
		134DFF3613A79FE900DA67FC /* Shader.fsh */ = {isa = PBXFileReference; lastKnownFileType = sourcecode.glsl; name = Shader.fsh; path = Diamonds/Shaders/Shader.fsh; sourceTree = "<group>"; };
		134DFF3813A79FE900DA67FC /* Shader.vsh */ = {isa = PBXFileReference; lastKnownFileType = sourcecode.glsl; name = Shader.vsh; path = Diamonds/Shaders/Shader.vsh; sourceTree = "<group>"; };
		134DFF3A13A79FE900DA67FC /* EAGLView.h */ = {isa = PBXFileReference; lastKnownFileType = sourcecode.c.h; name = EAGLView.h; path = Diamonds/EAGLView.h; sourceTree = "<group>"; };
		134DFF3B13A79FE900DA67FC /* EAGLView.m */ = {isa = PBXFileReference; lastKnownFileType = sourcecode.c.objc; name = EAGLView.m; path = Diamonds/EAGLView.m; sourceTree = "<group>"; };
		134DFF3D13A79FE900DA67FC /* DiamondsViewController.h */ = {isa = PBXFileReference; lastKnownFileType = sourcecode.c.h; path = DiamondsViewController.h; sourceTree = "<group>"; };
		134DFF3E13A79FE900DA67FC /* DiamondsViewController.m */ = {isa = PBXFileReference; lastKnownFileType = sourcecode.c.objc; path = DiamondsViewController.m; sourceTree = "<group>"; };
		134DFF4813A79FE900DA67FC /* DiamondsTests.octest */ = {isa = PBXFileReference; explicitFileType = wrapper.cfbundle; includeInIndex = 0; path = DiamondsTests.octest; sourceTree = BUILT_PRODUCTS_DIR; };
		134DFF5013A79FE900DA67FC /* DiamondsTests-Info.plist */ = {isa = PBXFileReference; lastKnownFileType = text.plist.xml; path = "DiamondsTests-Info.plist"; sourceTree = "<group>"; };
		134DFF5213A79FE900DA67FC /* en */ = {isa = PBXFileReference; lastKnownFileType = text.plist.strings; name = en; path = en.lproj/InfoPlist.strings; sourceTree = "<group>"; };
		134DFF5413A79FE900DA67FC /* DiamondsTests-Prefix.pch */ = {isa = PBXFileReference; lastKnownFileType = sourcecode.c.h; path = "DiamondsTests-Prefix.pch"; sourceTree = "<group>"; };
		134DFF5513A79FE900DA67FC /* DiamondsTests.h */ = {isa = PBXFileReference; lastKnownFileType = sourcecode.c.h; path = DiamondsTests.h; sourceTree = "<group>"; };
		134DFF5713A79FE900DA67FC /* DiamondsTests.m */ = {isa = PBXFileReference; lastKnownFileType = sourcecode.c.objc; path = DiamondsTests.m; sourceTree = "<group>"; };
		13827F0D13BB907A00C90A92 /* Testing.h */ = {isa = PBXFileReference; fileEncoding = 4; lastKnownFileType = sourcecode.c.h; path = Testing.h; sourceTree = "<group>"; };
		13827F1B13BBD57300C90A92 /* TestSpriteBatch.h */ = {isa = PBXFileReference; fileEncoding = 4; lastKnownFileType = sourcecode.c.h; path = TestSpriteBatch.h; sourceTree = "<group>"; };
		13827F1C13BBD57300C90A92 /* TestSpriteBatch.m */ = {isa = PBXFileReference; fileEncoding = 4; lastKnownFileType = sourcecode.c.objc; path = TestSpriteBatch.m; sourceTree = "<group>"; };
		13E98FAC13A7AF360003E7D2 /* ruby.png */ = {isa = PBXFileReference; lastKnownFileType = image.png; name = ruby.png; path = Resources/ruby.png; sourceTree = SOURCE_ROOT; };
		13E98FBA13A8BB250003E7D2 /* Engine.m */ = {isa = PBXFileReference; fileEncoding = 4; lastKnownFileType = sourcecode.c.objc; name = Engine.m; path = Diamonds/Engine/Engine.m; sourceTree = "<group>"; };
		13E98FBB13A8BB250003E7D2 /* Engine.h */ = {isa = PBXFileReference; fileEncoding = 4; lastKnownFileType = sourcecode.c.h; name = Engine.h; path = Diamonds/Engine/Engine.h; sourceTree = "<group>"; };
		13F6A98F13BCB7D300A17DE8 /* SpriteBatch.h */ = {isa = PBXFileReference; fileEncoding = 4; lastKnownFileType = sourcecode.c.h; name = SpriteBatch.h; path = Diamonds/Engine/SpriteBatch.h; sourceTree = "<group>"; };
		13F6A99013BCB7D300A17DE8 /* SpriteBatch.m */ = {isa = PBXFileReference; fileEncoding = 4; lastKnownFileType = sourcecode.c.objc; name = SpriteBatch.m; path = Diamonds/Engine/SpriteBatch.m; sourceTree = "<group>"; };
		13F6A99413BCBA0800A17DE8 /* MockSpriteBatch.h */ = {isa = PBXFileReference; fileEncoding = 4; lastKnownFileType = sourcecode.c.h; name = MockSpriteBatch.h; path = Engine/MockSpriteBatch.h; sourceTree = "<group>"; };
		13F6A99513BCBA0800A17DE8 /* MockSpriteBatch.m */ = {isa = PBXFileReference; fileEncoding = 4; lastKnownFileType = sourcecode.c.objc; name = MockSpriteBatch.m; path = Engine/MockSpriteBatch.m; sourceTree = "<group>"; };
/* End PBXFileReference section */

/* Begin PBXFrameworksBuildPhase section */
		134DFF1613A79FE900DA67FC /* Frameworks */ = {
			isa = PBXFrameworksBuildPhase;
			buildActionMask = 2147483647;
			files = (
				134BFF7A13BA0ED400ACA82F /* GLKit.framework in Frameworks */,
				134DFF1E13A79FE900DA67FC /* UIKit.framework in Frameworks */,
				134DFF2013A79FE900DA67FC /* Foundation.framework in Frameworks */,
				134DFF2213A79FE900DA67FC /* CoreGraphics.framework in Frameworks */,
				134DFF2413A79FE900DA67FC /* QuartzCore.framework in Frameworks */,
				134DFF2613A79FE900DA67FC /* OpenGLES.framework in Frameworks */,
			);
			runOnlyForDeploymentPostprocessing = 0;
		};
		134DFF4413A79FE900DA67FC /* Frameworks */ = {
			isa = PBXFrameworksBuildPhase;
			buildActionMask = 2147483647;
			files = (
				13D8E7E413BCD6A7007472E2 /* OpenGLES.framework in Frameworks */,
				134DFF4913A79FE900DA67FC /* UIKit.framework in Frameworks */,
				134DFF4A13A79FE900DA67FC /* Foundation.framework in Frameworks */,
				134DFF4B13A79FE900DA67FC /* CoreGraphics.framework in Frameworks */,
			);
			runOnlyForDeploymentPostprocessing = 0;
		};
/* End PBXFrameworksBuildPhase section */

/* Begin PBXGroup section */
		130CA78413AA3FD2008C7B66 /* Icons */ = {
			isa = PBXGroup;
			children = (
				130CA78513AA4089008C7B66 /* diamonds_114.png */,
				130CA78613AA4089008C7B66 /* diamonds_72.png */,
				130CA78713AA4089008C7B66 /* diamonds_57.png */,
			);
			name = Icons;
			sourceTree = "<group>";
		};
		132041B213A7A64000D3F66D /* iPad */ = {
			isa = PBXGroup;
			children = (
				132041B313A7A64100D3F66D /* MainWindow-iPad.xib */,
			);
			name = iPad;
			sourceTree = "<group>";
		};
		132041B613A7A66400D3F66D /* iPhone */ = {
			isa = PBXGroup;
			children = (
				132041B813A7A7E200D3F66D /* MainWindow-iPhone.xib */,
			);
			name = iPhone;
			sourceTree = "<group>";
		};
		134BFF7B13BA28F300ACA82F /* Shaders */ = {
			isa = PBXGroup;
			children = (
				134DFF3613A79FE900DA67FC /* Shader.fsh */,
				134DFF3813A79FE900DA67FC /* Shader.vsh */,
			);
			name = Shaders;
			sourceTree = "<group>";
		};
		134DFF0E13A79FE900DA67FC = {
			isa = PBXGroup;
			children = (
				134BFF7913BA0ED400ACA82F /* GLKit.framework */,
				13E98FB913A8BAC50003E7D2 /* Engine */,
				13E98FAB13A7AF1C0003E7D2 /* Resources */,
				134DFF2713A79FE900DA67FC /* Diamonds */,
				134DFF4E13A79FE900DA67FC /* DiamondsTests */,
				134DFF1C13A79FE900DA67FC /* Frameworks */,
				134DFF1A13A79FE900DA67FC /* Products */,
			);
			sourceTree = "<group>";
		};
		134DFF1A13A79FE900DA67FC /* Products */ = {
			isa = PBXGroup;
			children = (
				134DFF1913A79FE900DA67FC /* Diamonds.app */,
				134DFF4813A79FE900DA67FC /* DiamondsTests.octest */,
			);
			name = Products;
			sourceTree = "<group>";
		};
		134DFF1C13A79FE900DA67FC /* Frameworks */ = {
			isa = PBXGroup;
			children = (
				134DFF1D13A79FE900DA67FC /* UIKit.framework */,
				134DFF1F13A79FE900DA67FC /* Foundation.framework */,
				134DFF2113A79FE900DA67FC /* CoreGraphics.framework */,
				134DFF2313A79FE900DA67FC /* QuartzCore.framework */,
				134DFF2513A79FE900DA67FC /* OpenGLES.framework */,
			);
			name = Frameworks;
			sourceTree = "<group>";
		};
		134DFF2713A79FE900DA67FC /* Diamonds */ = {
			isa = PBXGroup;
			children = (
				132041B613A7A66400D3F66D /* iPhone */,
				132041B213A7A64000D3F66D /* iPad */,
				134DFF3013A79FE900DA67FC /* DiamondsAppDelegate.h */,
				134DFF3113A79FE900DA67FC /* DiamondsAppDelegate.m */,
				134DFF3D13A79FE900DA67FC /* DiamondsViewController.h */,
				134DFF3E13A79FE900DA67FC /* DiamondsViewController.m */,
				132041BB13A7A80700D3F66D /* DiamondsViewController.xib */,
				134DFF2813A79FE900DA67FC /* Supporting Files */,
			);
			path = Diamonds;
			sourceTree = "<group>";
		};
		134DFF2813A79FE900DA67FC /* Supporting Files */ = {
			isa = PBXGroup;
			children = (
				134DFF2913A79FE900DA67FC /* Diamonds-Info.plist */,
				134BFF7E13BB711A00ACA82F /* Entitlements.entitlements */,
				134DFF2D13A79FE900DA67FC /* Diamonds-Prefix.pch */,
				134DFF2E13A79FE900DA67FC /* main.m */,
			);
			name = "Supporting Files";
			sourceTree = "<group>";
		};
		134DFF4E13A79FE900DA67FC /* DiamondsTests */ = {
			isa = PBXGroup;
			children = (
				13827F1E13BBD58200C90A92 /* Engine */,
				13827F0D13BB907A00C90A92 /* Testing.h */,
				134DFF5513A79FE900DA67FC /* DiamondsTests.h */,
				134DFF5713A79FE900DA67FC /* DiamondsTests.m */,
				134DFF4F13A79FE900DA67FC /* Supporting Files */,
			);
			path = DiamondsTests;
			sourceTree = "<group>";
		};
		134DFF4F13A79FE900DA67FC /* Supporting Files */ = {
			isa = PBXGroup;
			children = (
				134DFF5013A79FE900DA67FC /* DiamondsTests-Info.plist */,
				134DFF5113A79FE900DA67FC /* InfoPlist.strings */,
				134DFF5413A79FE900DA67FC /* DiamondsTests-Prefix.pch */,
			);
			name = "Supporting Files";
			sourceTree = "<group>";
		};
		13827F1E13BBD58200C90A92 /* Engine */ = {
			isa = PBXGroup;
			children = (
				13F6A99413BCBA0800A17DE8 /* MockSpriteBatch.h */,
				13F6A99513BCBA0800A17DE8 /* MockSpriteBatch.m */,
				13827F1B13BBD57300C90A92 /* TestSpriteBatch.h */,
				13827F1C13BBD57300C90A92 /* TestSpriteBatch.m */,
			);
			name = Engine;
			sourceTree = "<group>";
		};
		13E98FAB13A7AF1C0003E7D2 /* Resources */ = {
			isa = PBXGroup;
			children = (
				130CA78413AA3FD2008C7B66 /* Icons */,
				13E98FAC13A7AF360003E7D2 /* ruby.png */,
				130CA78B13AB8C92008C7B66 /* diamond.png */,
			);
			name = Resources;
			path = Diamonds;
			sourceTree = "<group>";
		};
		13E98FB913A8BAC50003E7D2 /* Engine */ = {
			isa = PBXGroup;
			children = (
				134BFF7B13BA28F300ACA82F /* Shaders */,
				130CA76E13A90213008C7B66 /* Sprite.h */,
				130CA76F13A90213008C7B66 /* Sprite.m */,
				13F6A98F13BCB7D300A17DE8 /* SpriteBatch.h */,
				13F6A99013BCB7D300A17DE8 /* SpriteBatch.m */,
				134DFF3A13A79FE900DA67FC /* EAGLView.h */,
				134DFF3B13A79FE900DA67FC /* EAGLView.m */,
				130CA76B13A8F4A0008C7B66 /* Texture.h */,
				130CA76C13A8F4A0008C7B66 /* Texture.m */,
				130CA76713A8E64B008C7B66 /* ShaderProgram.h */,
				130CA76813A8E64B008C7B66 /* ShaderProgram.m */,
				13E98FBB13A8BB250003E7D2 /* Engine.h */,
				13E98FBA13A8BB250003E7D2 /* Engine.m */,
			);
			name = Engine;
			sourceTree = "<group>";
		};
/* End PBXGroup section */

/* Begin PBXNativeTarget section */
		134DFF1813A79FE900DA67FC /* Diamonds */ = {
			isa = PBXNativeTarget;
			buildConfigurationList = 134DFF5B13A79FE900DA67FC /* Build configuration list for PBXNativeTarget "Diamonds" */;
			buildPhases = (
				134DFF1513A79FE900DA67FC /* Sources */,
				134DFF1613A79FE900DA67FC /* Frameworks */,
				134DFF1713A79FE900DA67FC /* Resources */,
			);
			buildRules = (
			);
			dependencies = (
			);
			name = Diamonds;
			productName = Diamonds;
			productReference = 134DFF1913A79FE900DA67FC /* Diamonds.app */;
			productType = "com.apple.product-type.application";
		};
		134DFF4713A79FE900DA67FC /* DiamondsTests */ = {
			isa = PBXNativeTarget;
			buildConfigurationList = 134DFF5E13A79FE900DA67FC /* Build configuration list for PBXNativeTarget "DiamondsTests" */;
			buildPhases = (
				134DFF4313A79FE900DA67FC /* Sources */,
				134DFF4413A79FE900DA67FC /* Frameworks */,
				134DFF4513A79FE900DA67FC /* Resources */,
				134DFF4613A79FE900DA67FC /* ShellScript */,
			);
			buildRules = (
			);
			dependencies = (
				134DFF4D13A79FE900DA67FC /* PBXTargetDependency */,
			);
			name = DiamondsTests;
			productName = DiamondsTests;
			productReference = 134DFF4813A79FE900DA67FC /* DiamondsTests.octest */;
			productType = "com.apple.product-type.bundle";
		};
/* End PBXNativeTarget section */

/* Begin PBXProject section */
		134DFF1013A79FE900DA67FC /* Project object */ = {
			isa = PBXProject;
			attributes = {
				ORGANIZATIONNAME = Crytek;
			};
			buildConfigurationList = 134DFF1313A79FE900DA67FC /* Build configuration list for PBXProject "Diamonds" */;
			compatibilityVersion = "Xcode 3.2";
			developmentRegion = English;
			hasScannedForEncodings = 0;
			knownRegions = (
				en,
			);
			mainGroup = 134DFF0E13A79FE900DA67FC;
			productRefGroup = 134DFF1A13A79FE900DA67FC /* Products */;
			projectDirPath = "";
			projectRoot = "";
			targets = (
				134DFF1813A79FE900DA67FC /* Diamonds */,
				134DFF4713A79FE900DA67FC /* DiamondsTests */,
			);
		};
/* End PBXProject section */

/* Begin PBXResourcesBuildPhase section */
		134DFF1713A79FE900DA67FC /* Resources */ = {
			isa = PBXResourcesBuildPhase;
			buildActionMask = 2147483647;
			files = (
				134DFF3713A79FE900DA67FC /* Shader.fsh in Resources */,
				134DFF3913A79FE900DA67FC /* Shader.vsh in Resources */,
				132041B513A7A64100D3F66D /* MainWindow-iPad.xib in Resources */,
				132041BA13A7A7E200D3F66D /* MainWindow-iPhone.xib in Resources */,
				132041BD13A7A80700D3F66D /* DiamondsViewController.xib in Resources */,
				13E98FAD13A7AF360003E7D2 /* ruby.png in Resources */,
				130CA78813AA4089008C7B66 /* diamonds_114.png in Resources */,
				130CA78913AA4089008C7B66 /* diamonds_72.png in Resources */,
				130CA78A13AA4089008C7B66 /* diamonds_57.png in Resources */,
				130CA78C13AB8C92008C7B66 /* diamond.png in Resources */,
				134BFF7F13BB711A00ACA82F /* Entitlements.entitlements in Resources */,
			);
			runOnlyForDeploymentPostprocessing = 0;
		};
		134DFF4513A79FE900DA67FC /* Resources */ = {
			isa = PBXResourcesBuildPhase;
			buildActionMask = 2147483647;
			files = (
				134DFF5313A79FE900DA67FC /* InfoPlist.strings in Resources */,
				134DFF5613A79FE900DA67FC /* DiamondsTests.h in Resources */,
			);
			runOnlyForDeploymentPostprocessing = 0;
		};
/* End PBXResourcesBuildPhase section */

/* Begin PBXShellScriptBuildPhase section */
		134DFF4613A79FE900DA67FC /* ShellScript */ = {
			isa = PBXShellScriptBuildPhase;
			buildActionMask = 2147483647;
			files = (
			);
			inputPaths = (
			);
			outputPaths = (
			);
			runOnlyForDeploymentPostprocessing = 0;
			shellPath = /bin/sh;
			shellScript = "# Run the unit tests in this test bundle.\n\"${SYSTEM_DEVELOPER_DIR}/Tools/RunUnitTests\"\n";
		};
/* End PBXShellScriptBuildPhase section */

/* Begin PBXSourcesBuildPhase section */
		134DFF1513A79FE900DA67FC /* Sources */ = {
			isa = PBXSourcesBuildPhase;
			buildActionMask = 2147483647;
			files = (
				134DFF2F13A79FE900DA67FC /* main.m in Sources */,
				134DFF3213A79FE900DA67FC /* DiamondsAppDelegate.m in Sources */,
				134DFF3C13A79FE900DA67FC /* EAGLView.m in Sources */,
				134DFF3F13A79FE900DA67FC /* DiamondsViewController.m in Sources */,
				13E98FBC13A8BB250003E7D2 /* Engine.m in Sources */,
				130CA76913A8E64B008C7B66 /* ShaderProgram.m in Sources */,
				130CA76D13A8F4A0008C7B66 /* Texture.m in Sources */,
				130CA77013A90213008C7B66 /* Sprite.m in Sources */,
				13F6A99113BCB7D300A17DE8 /* SpriteBatch.m in Sources */,
			);
			runOnlyForDeploymentPostprocessing = 0;
		};
		134DFF4313A79FE900DA67FC /* Sources */ = {
			isa = PBXSourcesBuildPhase;
			buildActionMask = 2147483647;
			files = (
				134DFF5813A79FE900DA67FC /* DiamondsTests.m in Sources */,
				13827F1D13BBD57300C90A92 /* TestSpriteBatch.m in Sources */,
				13F6A99213BCB7D300A17DE8 /* SpriteBatch.m in Sources */,
				13F6A99613BCBA0800A17DE8 /* MockSpriteBatch.m in Sources */,
			);
			runOnlyForDeploymentPostprocessing = 0;
		};
/* End PBXSourcesBuildPhase section */

/* Begin PBXTargetDependency section */
		134DFF4D13A79FE900DA67FC /* PBXTargetDependency */ = {
			isa = PBXTargetDependency;
			target = 134DFF1813A79FE900DA67FC /* Diamonds */;
			targetProxy = 134DFF4C13A79FE900DA67FC /* PBXContainerItemProxy */;
		};
/* End PBXTargetDependency section */

/* Begin PBXVariantGroup section */
		132041B313A7A64100D3F66D /* MainWindow-iPad.xib */ = {
			isa = PBXVariantGroup;
			children = (
				132041B413A7A64100D3F66D /* en */,
			);
			name = "MainWindow-iPad.xib";
			sourceTree = "<group>";
		};
		132041B813A7A7E200D3F66D /* MainWindow-iPhone.xib */ = {
			isa = PBXVariantGroup;
			children = (
				132041B913A7A7E200D3F66D /* en */,
			);
			name = "MainWindow-iPhone.xib";
			sourceTree = "<group>";
		};
		132041BB13A7A80700D3F66D /* DiamondsViewController.xib */ = {
			isa = PBXVariantGroup;
			children = (
				132041BC13A7A80700D3F66D /* en */,
			);
			name = DiamondsViewController.xib;
			sourceTree = "<group>";
		};
		134DFF5113A79FE900DA67FC /* InfoPlist.strings */ = {
			isa = PBXVariantGroup;
			children = (
				134DFF5213A79FE900DA67FC /* en */,
			);
			name = InfoPlist.strings;
			sourceTree = "<group>";
		};
/* End PBXVariantGroup section */

/* Begin XCBuildConfiguration section */
		134DFF5913A79FE900DA67FC /* Debug */ = {
			isa = XCBuildConfiguration;
			buildSettings = {
				ARCHS = "$(ARCHS_STANDARD_32_BIT)";
				CODE_SIGN_ENTITLEMENTS = Entitlements.entitlements;
				"CODE_SIGN_IDENTITY[sdk=iphoneos*]" = "iPhone Developer";
				GCC_C_LANGUAGE_STANDARD = gnu99;
				GCC_OPTIMIZATION_LEVEL = 0;
				GCC_PREPROCESSOR_DEFINITIONS = DEBUG;
				GCC_SYMBOLS_PRIVATE_EXTERN = NO;
				GCC_VERSION = com.apple.compilers.llvm.clang.1_0;
				GCC_WARN_ABOUT_RETURN_TYPE = YES;
				GCC_WARN_UNUSED_VARIABLE = YES;
				IPHONEOS_DEPLOYMENT_TARGET = 5.0;
				ONLY_ACTIVE_ARCH = YES;
				OTHER_CFLAGS = (
					"-Xclang\\ -fobjc-nonfragile-abi2",
				);
				OTHER_CPLUSPLUSFLAGS = "$(OTHER_CFLAGS)";
				SDKROOT = iphoneos;
				VALID_ARCHS = "armv7 armv7f armv7k i386";
			};
			name = Debug;
		};
		134DFF5A13A79FE900DA67FC /* Release */ = {
			isa = XCBuildConfiguration;
			buildSettings = {
				ARCHS = "$(ARCHS_STANDARD_32_BIT)";
				CODE_SIGN_ENTITLEMENTS = Entitlements.entitlements;
				"CODE_SIGN_IDENTITY[sdk=iphoneos*]" = "iPhone Developer";
				GCC_C_LANGUAGE_STANDARD = gnu99;
				GCC_VERSION = com.apple.compilers.llvm.clang.1_0;
				GCC_WARN_ABOUT_RETURN_TYPE = YES;
				GCC_WARN_UNUSED_VARIABLE = YES;
				IPHONEOS_DEPLOYMENT_TARGET = 5.0;
				ONLY_ACTIVE_ARCH = YES;
				OTHER_CFLAGS = (
					"-DNS_BLOCK_ASSERTIONS=1",
					"-Xclang\\ -fobjc-nonfragile-abi2",
				);
				OTHER_CPLUSPLUSFLAGS = "$(OTHER_CFLAGS)";
				SDKROOT = iphoneos;
				VALID_ARCHS = "armv7 armv7f armv7k i386";
			};
			name = Release;
		};
		134DFF5C13A79FE900DA67FC /* Debug */ = {
			isa = XCBuildConfiguration;
			buildSettings = {
				ALWAYS_SEARCH_USER_PATHS = NO;
				CLANG_ENABLE_OBJC_ARC = YES;
				COPY_PHASE_STRIP = NO;
				GCC_DYNAMIC_NO_PIC = NO;
				GCC_PRECOMPILE_PREFIX_HEADER = YES;
				GCC_PREFIX_HEADER = "Diamonds/Diamonds-Prefix.pch";
				"GCC_THUMB_SUPPORT[arch=armv6]" = "";
				INFOPLIST_FILE = "Diamonds/Diamonds-Info.plist";
				IPHONEOS_DEPLOYMENT_TARGET = 4.3;
				PRODUCT_NAME = "$(TARGET_NAME)";
				TARGETED_DEVICE_FAMILY = "1,2";
				WRAPPER_EXTENSION = app;
			};
			name = Debug;
		};
		134DFF5D13A79FE900DA67FC /* Release */ = {
			isa = XCBuildConfiguration;
			buildSettings = {
				ALWAYS_SEARCH_USER_PATHS = NO;
				CLANG_ENABLE_OBJC_ARC = YES;
				COPY_PHASE_STRIP = YES;
				GCC_PRECOMPILE_PREFIX_HEADER = YES;
				GCC_PREFIX_HEADER = "Diamonds/Diamonds-Prefix.pch";
				"GCC_THUMB_SUPPORT[arch=armv6]" = "";
				INFOPLIST_FILE = "Diamonds/Diamonds-Info.plist";
				IPHONEOS_DEPLOYMENT_TARGET = 4.3;
				PRODUCT_NAME = "$(TARGET_NAME)";
				TARGETED_DEVICE_FAMILY = "1,2";
				VALIDATE_PRODUCT = YES;
				WRAPPER_EXTENSION = app;
			};
			name = Release;
		};
		134DFF5F13A79FE900DA67FC /* Debug */ = {
			isa = XCBuildConfiguration;
			buildSettings = {
				ALWAYS_SEARCH_USER_PATHS = NO;
				BUNDLE_LOADER = "$(BUILT_PRODUCTS_DIR)/Diamonds.app/Diamonds";
				CLANG_CXX_LANGUAGE_STANDARD = "c++0x";
				CLANG_CXX_LIBRARY = "libc++";
				FRAMEWORK_SEARCH_PATHS = (
					"$(SDKROOT)/Developer/Library/Frameworks",
					"$(DEVELOPER_LIBRARY_DIR)/Frameworks",
				);
				GCC_PRECOMPILE_PREFIX_HEADER = YES;
				GCC_PREFIX_HEADER = "DiamondsTests/DiamondsTests-Prefix.pch";
				INFOPLIST_FILE = "DiamondsTests/DiamondsTests-Info.plist";
				OTHER_LDFLAGS = (
					"-framework",
					SenTestingKit,
				);
				PRODUCT_NAME = "$(TARGET_NAME)";
				TEST_HOST = "$(BUNDLE_LOADER)";
				WRAPPER_EXTENSION = octest;
			};
			name = Debug;
		};
		134DFF6013A79FE900DA67FC /* Release */ = {
			isa = XCBuildConfiguration;
			buildSettings = {
				ALWAYS_SEARCH_USER_PATHS = NO;
				BUNDLE_LOADER = "$(BUILT_PRODUCTS_DIR)/Diamonds.app/Diamonds";
				CLANG_CXX_LANGUAGE_STANDARD = "c++0x";
				CLANG_CXX_LIBRARY = "libc++";
				FRAMEWORK_SEARCH_PATHS = (
					"$(SDKROOT)/Developer/Library/Frameworks",
					"$(DEVELOPER_LIBRARY_DIR)/Frameworks",
				);
				GCC_PRECOMPILE_PREFIX_HEADER = YES;
				GCC_PREFIX_HEADER = "DiamondsTests/DiamondsTests-Prefix.pch";
				INFOPLIST_FILE = "DiamondsTests/DiamondsTests-Info.plist";
				OTHER_LDFLAGS = (
					"-framework",
					SenTestingKit,
				);
				PRODUCT_NAME = "$(TARGET_NAME)";
				TEST_HOST = "$(BUNDLE_LOADER)";
				WRAPPER_EXTENSION = octest;
			};
			name = Release;
		};
/* End XCBuildConfiguration section */

/* Begin XCConfigurationList section */
		134DFF1313A79FE900DA67FC /* Build configuration list for PBXProject "Diamonds" */ = {
			isa = XCConfigurationList;
			buildConfigurations = (
				134DFF5913A79FE900DA67FC /* Debug */,
				134DFF5A13A79FE900DA67FC /* Release */,
			);
			defaultConfigurationIsVisible = 0;
			defaultConfigurationName = Release;
		};
		134DFF5B13A79FE900DA67FC /* Build configuration list for PBXNativeTarget "Diamonds" */ = {
			isa = XCConfigurationList;
			buildConfigurations = (
				134DFF5C13A79FE900DA67FC /* Debug */,
				134DFF5D13A79FE900DA67FC /* Release */,
			);
			defaultConfigurationIsVisible = 0;
			defaultConfigurationName = Release;
		};
		134DFF5E13A79FE900DA67FC /* Build configuration list for PBXNativeTarget "DiamondsTests" */ = {
			isa = XCConfigurationList;
			buildConfigurations = (
				134DFF5F13A79FE900DA67FC /* Debug */,
				134DFF6013A79FE900DA67FC /* Release */,
			);
			defaultConfigurationIsVisible = 0;
			defaultConfigurationName = Release;
		};
/* End XCConfigurationList section */
	};
	rootObject = 134DFF1013A79FE900DA67FC /* Project object */;
}
